
Microsoft Visual Studio Solution File, Format Version 12.00
# Visual Studio Version 16
VisualStudioVersion = 16.0.30114.105
MinimumVisualStudioVersion = 10.0.40219.1
Project("{FAE04EC0-301F-11D3-BF4B-00C04F79EFBC}") = "Czf.ApiWrapper.Radiocom", "Czf.ApiWrapper.Radiocom\Czf.ApiWrapper.Radiocom.csproj", "{CA6C093E-4208-4E49-A3E0-C890C248E755}"
EndProject
Project("{FAE04EC0-301F-11D3-BF4B-00C04F79EFBC}") = "Czf.ApiWrapper.Radiocom.Tests", "Czf.ApiWrapper.Radiocom.Tests\Czf.ApiWrapper.Radiocom.Tests.csproj", "{C669E7F5-A629-4F67-B525-701C1C17F654}"
EndProject
Global
	GlobalSection(SolutionConfigurationPlatforms) = preSolution
		Debug|Any CPU = Debug|Any CPU
		Release|Any CPU = Release|Any CPU
	EndGlobalSection
	GlobalSection(ProjectConfigurationPlatforms) = postSolution
		{CA6C093E-4208-4E49-A3E0-C890C248E755}.Debug|Any CPU.ActiveCfg = Debug|Any CPU
		{CA6C093E-4208-4E49-A3E0-C890C248E755}.Debug|Any CPU.Build.0 = Debug|Any CPU
		{CA6C093E-4208-4E49-A3E0-C890C248E755}.Release|Any CPU.ActiveCfg = Release|Any CPU
		{CA6C093E-4208-4E49-A3E0-C890C248E755}.Release|Any CPU.Build.0 = Release|Any CPU
		{C669E7F5-A629-4F67-B525-701C1C17F654}.Debug|Any CPU.ActiveCfg = Debug|Any CPU
		{C669E7F5-A629-4F67-B525-701C1C17F654}.Debug|Any CPU.Build.0 = Debug|Any CPU
		{C669E7F5-A629-4F67-B525-701C1C17F654}.Release|Any CPU.ActiveCfg = Release|Any CPU
		{C669E7F5-A629-4F67-B525-701C1C17F654}.Release|Any CPU.Build.0 = Release|Any CPU
	EndGlobalSection
	GlobalSection(SolutionProperties) = preSolution
		HideSolutionNode = FALSE
	EndGlobalSection
	GlobalSection(ExtensibilityGlobals) = postSolution
		SolutionGuid = {247C5731-424E-47F8-8460-E8D2885E1EA5}
	EndGlobalSection
EndGlobal
